github.com/kr/pretty v0.1.0/go.mod h1:dAy3ld7l9f0ibDNOQOHHMYYIIbhfbHSm3C4ZsoJORNo=
github.com/kr/pty v1.1.1/go.mod h1:pFQYn66WHrOpPYNljwOMqo10TkYh1fy3cYio2l3bCsQ=
github.com/kr/text v0.1.0/go.mod h1:4Jbv+DJW3UT/LiOwJeYQe1efqtUx/iVham/4vfdArNI=
github.com/miratronix/msgpack v0.0.0-20190903025639-06805d082a36 h1:gh6bsfzcvsWe6MV3GeUi4osdWN6uUggE2XKjdfPyiIs=
github.com/miratronix/msgpack v0.0.0-20190903025639-06805d082a36/go.mod h1:pKlIDxK8nL9I6Pqq/kHxzdBiA3I5aSJSEBTEs5z1B7Q=
github.com/miratronix/structs v2.0.0+incompatible h1:jLsrtRAatjUCCmXbB988yENh3S6IT4OxA4OXxk9aHL8=
github.com/miratronix/structs v2.0.0+incompatible/go.mod h1:J7ybN+S1IsrWThiOIi5u0ptF04R3Cv+ZMDh0oSpOIJQ=
github.com/mitchellh/mapstructure v1.1.2 h1:fmNYVwqnSfB9mZU6OS2O6GsXM+wcskZDuKQzvN1EDeE=
github.com/mitchellh/mapstructure v1.1.2/go.mod h1:FVVH3fgwuzCH5S8UJGiWEs2h04kUh9fWfEaFds41c1Y=
gopkg.in/check.v1 v1.0.0-20190902080502-41f04d3bba15/go.mod h1:Co6ibVJAznAaIkqp8huTwlJQCZ016jof/cbN4VW5Yz0=
